PODS:
  - SourceKittenFramework (0.19.1):
    - SWXMLHash (~> 4.1)
    - Yams (~> 0.5.0)
  - SWXMLHash (4.5.0)
  - Yams (0.5.0)

DEPENDENCIES:
  - SourceKittenFramework (~> 0.19)

SPEC REPOS:
  https://github.com/cocoapods/specs.git:
    - SourceKittenFramework
    - SWXMLHash
    - Yams

SPEC CHECKSUMS:
  SourceKittenFramework: ef76be16e76ffa0a64b00c5eb053e87c6770dcdb
  SWXMLHash: 5d980b1f12ff0ee2bd9a26df1e01377dc91dfb6e
  Yams: 58b13424ca380835c4c797bc775ce6cbb3bc0167

PODFILE CHECKSUM: f5da0c5a6f5e1ae373958fac25d8ec3e9fe584a7

COCOAPODS: 1.6.1
